
Microsoft Visual Studio Solution File, Format Version 12.00
# Visual Studio Version 17
VisualStudioVersion = 17.5.002.0
MinimumVisualStudioVersion = 10.0.40219.1
Project("{9A19103F-16F7-4668-BE54-9A1E7A4F7556}") = "Task 2 - Random Numbers Searching Sorting", "Task 2 - Random Numbers Searching Sorting.csproj", "{32F353FC-A297-412E-A52F-EF00B6FDB63A}"
EndProject
Global
	GlobalSection(SolutionConfigurationPlatforms) = preSolution
		Debug|Any CPU = Debug|Any CPU
		Release|Any CPU = Release|Any CPU
	EndGlobalSection
	GlobalSection(ProjectConfigurationPlatforms) = postSolution
		{32F353FC-A297-412E-A52F-EF00B6FDB63A}.Debug|Any CPU.ActiveCfg = Debug|Any CPU
		{32F353FC-A297-412E-A52F-EF00B6FDB63A}.Debug|Any CPU.Build.0 = Debug|Any CPU
		{32F353FC-A297-412E-A52F-EF00B6FDB63A}.Release|Any CPU.ActiveCfg = Release|Any CPU
		{32F353FC-A297-412E-A52F-EF00B6FDB63A}.Release|Any CPU.Build.0 = Release|Any CPU
	EndGlobalSection
	GlobalSection(SolutionProperties) = preSolution
		HideSolutionNode = FALSE
	EndGlobalSection
	GlobalSection(ExtensibilityGlobals) = postSolution
		SolutionGuid = {D188BDDD-DB32-4444-830A-1BB26226AC44}
	EndGlobalSection
EndGlobal
